<?xml version="1.0" encoding="utf-8"?>
<Project ToolsVersion="4.0" xmlns="http://schemas.microsoft.com/developer/msbuild/2003">
  <ItemGroup>
    <Filter Include="Quelldateien">
      <UniqueIdentifier>{4FC737F1-C7A5-4376-A066-2A32D752A2FF}</UniqueIdentifier>
      <Extensions>cpp;c;cc;cxx;def;odl;idl;hpj;bat;asm;asmx</Extensions>
    </Filter>
    <Filter Include="Headerdateien">
      <UniqueIdentifier>{93995380-89BD-4b04-88EB-625FBE52EBFB}</UniqueIdentifier>
      <Extensions>h;hh;hpp;hxx;hm;inl;inc;xsd</Extensions>
    </Filter>
    <Filter Include="Ressourcendateien">
      <UniqueIdentifier>{67DA6AB6-F800-4c08-8B7A-83BB121AAD01}</UniqueIdentifier>
      <Extensions>rc;ico;cur;bmp;dlg;rc2;rct;bin;rgs;gif;jpg;jpeg;jpe;resx;tiff;tif;png;wav;mfcribbon-ms</Extensions>
    </Filter>
  </ItemGroup>
  <ItemGroup>
    <ClInclude Include="include\vectorization\compiler.h">
      <Filter>Headerdateien</Filter>
    </ClInclude>
    <ClInclude Include="include\vectorization\constants.h">
      <Filter>Headerdateien</Filter>
    </ClInclude>
    <ClInclude Include="include\vectorization\datatypes.h">
      <Filter>Headerdateien</Filter>
    </ClInclude>
    <ClInclude Include="include\vectorization\functions.h">
      <Filter>Headerdateien</Filter>
    </ClInclude>
    <ClInclude Include="include\vectorization\utvector.h">
      <Filter>Headerdateien</Filter>
    </ClInclude>
    <ClInclude Include="include\vectorization\intrinsics.h">
      <Filter>Headerdateien</Filter>
    </ClInclude>
    <ClInclude Include="include\vectorization\v_f32_4.h">
      <Filter>Headerdateien</Filter>
    </ClInclude>
    <ClInclude Include="include\vectorization\v_f32_4x4.h">
      <Filter>Headerdateien</Filter>
    </ClInclude>
    <ClInclude Include="include\vectorization\v_i32_4.h">
      <Filter>Headerdateien</Filter>
    </ClInclude>
    <ClInclude Include="include\vectorization\m_f32_4x4.h">
      <Filter>Headerdateien</Filter>
    </ClInclude>
    <ClInclude Include="include\vectorization\m_i32_4x4.h">
      <Filter>Headerdateien</Filter>
    </ClInclude>
    <ClInclude Include="include\vectorization\v_ui64_2.h">
      <Filter>Headerdateien</Filter>
    </ClInclude>
    <ClInclude Include="include\vectorization\v_ui32_4.h">
      <Filter>Headerdateien</Filter>
    </ClInclude>
    <ClInclude Include="include\vectorization\selects.h">
      <Filter>Headerdateien</Filter>
    </ClInclude>
    <ClInclude Include="include\vectorization\conversions.h">
      <Filter>Headerdateien</Filter>
    </ClInclude>
    <ClInclude Include="include\primitives\Ray.h">
      <Filter>Headerdateien</Filter>
    </ClInclude>
    <ClInclude Include="include\primitives\Raycast.h">
      <Filter>Headerdateien</Filter>
    </ClInclude>
    <ClInclude Include="include\primitives\Facet.h">
      <Filter>Headerdateien</Filter>
    </ClInclude>
    <ClInclude Include="include\primitives\FacetEdges.h">
      <Filter>Headerdateien</Filter>
    </ClInclude>
    <ClInclude Include="include\primitives\AxisAlignedBoundingBox.h">
      <Filter>Headerdateien</Filter>
    </ClInclude>
    <ClInclude Include="include\primitives\BoundingSphere.h">
      <Filter>Headerdateien</Filter>
    </ClInclude>
    <ClInclude Include="include\primitives\SplittingPlane.h">
      <Filter>Headerdateien</Filter>
    </ClInclude>
    <ClInclude Include="include\primitives.h">
      <Filter>Headerdateien</Filter>
    </ClInclude>
    <ClInclude Include="include\vectorization.h">
      <Filter>Headerdateien</Filter>
    </ClInclude>
    <ClInclude Include="src\stdafx.h">
      <Filter>Headerdateien</Filter>
    </ClInclude>
  </ItemGroup>
  <ItemGroup>
    <ClCompile Include="src\vectorization\functions.cpp">
      <Filter>Quelldateien</Filter>
    </ClCompile>
    <ClCompile Include="src\vectorization\m_f32_4x4.cpp">
      <Filter>Quelldateien</Filter>
    </ClCompile>
    <ClCompile Include="src\vectorization\v_f32_4.cpp">
      <Filter>Quelldateien</Filter>
    </ClCompile>
    <ClCompile Include="src\vectorization\v_f32_4x4.cpp">
      <Filter>Quelldateien</Filter>
    </ClCompile>
    <ClCompile Include="src\vectorization\v_i32_4.cpp">
      <Filter>Quelldateien</Filter>
    </ClCompile>
    <ClCompile Include="src\vectorization\constants.cpp">
      <Filter>Quelldateien</Filter>
    </ClCompile>
    <ClCompile Include="src\vectorization\datatypes.cpp">
      <Filter>Quelldateien</Filter>
    </ClCompile>
    <ClCompile Include="src\vectorization\v_ui64_2.cpp">
      <Filter>Quelldateien</Filter>
    </ClCompile>
    <ClCompile Include="src\vectorization\v_ui32_4.cpp">
      <Filter>Quelldateien</Filter>
    </ClCompile>
    <ClCompile Include="src\vectorization\intrinsics.cpp">
      <Filter>Quelldateien</Filter>
    </ClCompile>
    <ClCompile Include="src\vectorization\selects.cpp">
      <Filter>Quelldateien</Filter>
    </ClCompile>
    <ClCompile Include="src\vectorization\conversions.cpp">
      <Filter>Quelldateien</Filter>
    </ClCompile>
    <ClCompile Include="src\primitives\Ray.cpp">
      <Filter>Quelldateien</Filter>
    </ClCompile>
    <ClCompile Include="src\primitives\Raycast.cpp">
      <Filter>Quelldateien</Filter>
    </ClCompile>
    <ClCompile Include="src\primitives\FacetEdges.cpp">
      <Filter>Quelldateien</Filter>
    </ClCompile>
    <ClCompile Include="src\primitives\Facet.cpp">
      <Filter>Quelldateien</Filter>
    </ClCompile>
    <ClCompile Include="src\primitives\AxisAlignedBoundingBox.cpp">
      <Filter>Quelldateien</Filter>
    </ClCompile>
    <ClCompile Include="src\primitives\BoundingSphere.cpp">
      <Filter>Quelldateien</Filter>
    </ClCompile>
    <ClCompile Include="src\primitives\SplittingPlane.cpp">
      <Filter>Quelldateien</Filter>
    </ClCompile>
  </ItemGroup>
</Project>