<?xml version="1.0" encoding="utf-8"?>
<Project ToolsVersion="4.0" xmlns="http://schemas.microsoft.com/developer/msbuild/2003">
  <ItemGroup>
    <Filter Include="Quelldateien">
      <UniqueIdentifier>{4FC737F1-C7A5-4376-A066-2A32D752A2FF}</UniqueIdentifier>
      <Extensions>cpp;c;cc;cxx;def;odl;idl;hpj;bat;asm;asmx</Extensions>
    </Filter>
    <Filter Include="Headerdateien">
      <UniqueIdentifier>{93995380-89BD-4b04-88EB-625FBE52EBFB}</UniqueIdentifier>
      <Extensions>h;hh;hpp;hxx;hm;inl;inc;xsd</Extensions>
    </Filter>
    <Filter Include="Ressourcendateien">
      <UniqueIdentifier>{67DA6AB6-F800-4c08-8B7A-83BB121AAD01}</UniqueIdentifier>
      <Extensions>rc;ico;cur;bmp;dlg;rc2;rct;bin;rgs;gif;jpg;jpeg;jpe;resx;tiff;tif;png;wav;mfcribbon-ms</Extensions>
    </Filter>
  </ItemGroup>
  <ItemGroup>
    <ClInclude Include="include\vectorization\constants.h">
      <Filter>Headerdateien</Filter>
    </ClInclude>
    <ClInclude Include="include\vectorization\functions.h">
      <Filter>Headerdateien</Filter>
    </ClInclude>
    <ClInclude Include="include\vectorization\v_f32_4x4.h">
      <Filter>Headerdateien</Filter>
    </ClInclude>
    <ClInclude Include="include\vectorization\v_i32_4.h">
      <Filter>Headerdateien</Filter>
    </ClInclude>
    <ClInclude Include="include\vectorization\m_f32_4x4.h">
      <Filter>Headerdateien</Filter>
    </ClInclude>
    <ClInclude Include="include\vectorization\v_ui64_2.h">
      <Filter>Headerdateien</Filter>
    </ClInclude>
    <ClInclude Include="include\vectorization\v_ui32_4.h">
      <Filter>Headerdateien</Filter>
    </ClInclude>
    <ClInclude Include="include\vectorization\selects.h">
      <Filter>Headerdateien</Filter>
    </ClInclude>
    <ClInclude Include="include\vectorization\conversions.h">
      <Filter>Headerdateien</Filter>
    </ClInclude>
    <ClInclude Include="include\primitives\Ray.h">
      <Filter>Headerdateien</Filter>
    </ClInclude>
    <ClInclude Include="include\primitives\Raycast.h">
      <Filter>Headerdateien</Filter>
    </ClInclude>
    <ClInclude Include="include\primitives\Facet.h">
      <Filter>Headerdateien</Filter>
    </ClInclude>
    <ClInclude Include="include\primitives\FacetEdges.h">
      <Filter>Headerdateien</Filter>
    </ClInclude>
    <ClInclude Include="include\primitives\AxisAlignedBoundingBox.h">
      <Filter>Headerdateien</Filter>
    </ClInclude>
    <ClInclude Include="include\primitives\BoundingSphere.h">
      <Filter>Headerdateien</Filter>
    </ClInclude>
    <ClInclude Include="include\primitives\SplittingPlane.h">
      <Filter>Headerdateien</Filter>
    </ClInclude>
    <ClInclude Include="include\primitives.h">
      <Filter>Headerdateien</Filter>
    </ClInclude>
    <ClInclude Include="include\vectorization.h">
      <Filter>Headerdateien</Filter>
    </ClInclude>
    <ClInclude Include="include\vectorization\constants\masks.h">
      <Filter>Headerdateien</Filter>
    </ClInclude>
    <ClInclude Include="include\vectorization\conversions\complex.h">
      <Filter>Headerdateien</Filter>
    </ClInclude>
    <ClInclude Include="include\vectorization\conversions\native.h">
      <Filter>Headerdateien</Filter>
    </ClInclude>
    <ClInclude Include="include\vectorization\api_type_definitions.h">
      <Filter>Headerdateien</Filter>
    </ClInclude>
    <ClInclude Include="include\vectorization\architecture\compiler_intrinsics.h">
      <Filter>Headerdateien</Filter>
    </ClInclude>
    <ClInclude Include="include\vectorization\architecture\compiler_definitions.h">
      <Filter>Headerdateien</Filter>
    </ClInclude>
    <ClInclude Include="include\vectorization\architecture\memory.h">
      <Filter>Headerdateien</Filter>
    </ClInclude>
    <ClInclude Include="include\vectorization\architecture\compiler_types.h">
      <Filter>Headerdateien</Filter>
    </ClInclude>
    <ClInclude Include="include\vectorization\architecture.h">
      <Filter>Headerdateien</Filter>
    </ClInclude>
    <ClInclude Include="include\vectorization\architecture\meta_types.h">
      <Filter>Headerdateien</Filter>
    </ClInclude>
    <ClInclude Include="include\vectorization\architecture\meta_packed_types.h">
      <Filter>Headerdateien</Filter>
    </ClInclude>
    <ClInclude Include="include\vectorization\architecture\meta_bool_types.h">
      <Filter>Headerdateien</Filter>
    </ClInclude>
    <ClInclude Include="include\vectorization\constants\values.h">
      <Filter>Headerdateien</Filter>
    </ClInclude>
    <ClInclude Include="include\vectorization\constants\masks\MaskAll.h">
      <Filter>Headerdateien</Filter>
    </ClInclude>
    <ClInclude Include="include\vectorization\constants\masks\MaskX.h">
      <Filter>Headerdateien</Filter>
    </ClInclude>
    <ClInclude Include="include\vectorization\constants\masks\MaskY.h">
      <Filter>Headerdateien</Filter>
    </ClInclude>
    <ClInclude Include="include\vectorization\constants\masks\MaskZ.h">
      <Filter>Headerdateien</Filter>
    </ClInclude>
    <ClInclude Include="include\vectorization\constants\masks\MaskW.h">
      <Filter>Headerdateien</Filter>
    </ClInclude>
    <ClInclude Include="include\vectorization\constants\masks\MaskXY.h">
      <Filter>Headerdateien</Filter>
    </ClInclude>
    <ClInclude Include="include\vectorization\constants\masks\MaskXYZ.h">
      <Filter>Headerdateien</Filter>
    </ClInclude>
    <ClInclude Include="include\vectorization\constants\masks\MaskXYZW.h">
      <Filter>Headerdateien</Filter>
    </ClInclude>
    <ClInclude Include="include\vectorization\constants\masks\MaskYZ.h">
      <Filter>Headerdateien</Filter>
    </ClInclude>
    <ClInclude Include="include\vectorization\constants\masks\MaskYZW.h">
      <Filter>Headerdateien</Filter>
    </ClInclude>
    <ClInclude Include="include\vectorization\constants\masks\MaskZW.h">
      <Filter>Headerdateien</Filter>
    </ClInclude>
    <ClInclude Include="include\vectorization\constants\values\Zero.h">
      <Filter>Headerdateien</Filter>
    </ClInclude>
    <ClInclude Include="include\vectorization\constants\values\Half.h">
      <Filter>Headerdateien</Filter>
    </ClInclude>
    <ClInclude Include="include\vectorization\constants\values\One.h">
      <Filter>Headerdateien</Filter>
    </ClInclude>
    <ClInclude Include="include\vectorization\constants\values\OneX.h">
      <Filter>Headerdateien</Filter>
    </ClInclude>
    <ClInclude Include="include\vectorization\constants\values\OneY.h">
      <Filter>Headerdateien</Filter>
    </ClInclude>
    <ClInclude Include="include\vectorization\constants\values\OneZ.h">
      <Filter>Headerdateien</Filter>
    </ClInclude>
    <ClInclude Include="include\vectorization\constants\values\OneW.h">
      <Filter>Headerdateien</Filter>
    </ClInclude>
    <ClInclude Include="include\vectorization\constants\values\OneHalf.h">
      <Filter>Headerdateien</Filter>
    </ClInclude>
    <ClInclude Include="include\vectorization\constants\values\Two.h">
      <Filter>Headerdateien</Filter>
    </ClInclude>
    <ClInclude Include="include\vectorization\constants\values\NegativeZero.h">
      <Filter>Headerdateien</Filter>
    </ClInclude>
    <ClInclude Include="include\vectorization\constants\values\NegativeOne.h">
      <Filter>Headerdateien</Filter>
    </ClInclude>
    <ClInclude Include="include\vectorization\constants\values\NegativeTwo.h">
      <Filter>Headerdateien</Filter>
    </ClInclude>
    <ClInclude Include="include\vectorization\constants\values\Infinity.h">
      <Filter>Headerdateien</Filter>
    </ClInclude>
    <ClInclude Include="include\vectorization\constants\values\NegativeInfinity.h">
      <Filter>Headerdateien</Filter>
    </ClInclude>
    <ClInclude Include="include\vectorization\constants\values\Epsilon.h">
      <Filter>Headerdateien</Filter>
    </ClInclude>
    <ClInclude Include="include\vectorization\constants\values\SelfOcclusionEpsilon.h">
      <Filter>Headerdateien</Filter>
    </ClInclude>
    <ClInclude Include="include\vectorization\constants\values\Sin45.h">
      <Filter>Headerdateien</Filter>
    </ClInclude>
    <ClInclude Include="include\vectorization\constants\values\Pi.h">
      <Filter>Headerdateien</Filter>
    </ClInclude>
    <ClInclude Include="include\vectorization\constants\values\ReciprocalPi.h">
      <Filter>Headerdateien</Filter>
    </ClInclude>
    <ClInclude Include="include\vectorization\constants\values\Identity.h">
      <Filter>Headerdateien</Filter>
    </ClInclude>
    <ClInclude Include="include\vectorization\constants\values\RadianToUniform.h">
      <Filter>Headerdateien</Filter>
    </ClInclude>
    <ClInclude Include="include\vectorization\constants\values\RadianToDegree.h">
      <Filter>Headerdateien</Filter>
    </ClInclude>
    <ClInclude Include="include\vectorization\constants\values\DegreeToRadian.h">
      <Filter>Headerdateien</Filter>
    </ClInclude>
    <ClInclude Include="include\vectorization\v_f32_4\accessors.h">
      <Filter>Headerdateien</Filter>
    </ClInclude>
    <ClInclude Include="include\vectorization\v_f32_4\api.h">
      <Filter>Headerdateien</Filter>
    </ClInclude>
    <ClInclude Include="include\vectorization\v_f32_4\blends.h">
      <Filter>Headerdateien</Filter>
    </ClInclude>
    <ClInclude Include="include\vectorization\v_f32_4\constants.h">
      <Filter>Headerdateien</Filter>
    </ClInclude>
    <ClInclude Include="include\vectorization\v_f32_4\conversions.h">
      <Filter>Headerdateien</Filter>
    </ClInclude>
    <ClInclude Include="include\vectorization\v_f32_4\functions.h">
      <Filter>Headerdateien</Filter>
    </ClInclude>
    <ClInclude Include="include\vectorization\v_f32_4\operators.h">
      <Filter>Headerdateien</Filter>
    </ClInclude>
    <ClInclude Include="include\vectorization\v_f32_4\swizzled_blends.h">
      <Filter>Headerdateien</Filter>
    </ClInclude>
    <ClInclude Include="include\vectorization\v_f32_4\swizzles.h">
      <Filter>Headerdateien</Filter>
    </ClInclude>
    <ClInclude Include="include\vectorization\v_f32_4\type.h">
      <Filter>Headerdateien</Filter>
    </ClInclude>
    <ClInclude Include="include\vectorization\v_f32_4\selects.h">
      <Filter>Headerdateien</Filter>
    </ClInclude>
    <ClInclude Include="include\vectorization\v_f32_4.h">
      <Filter>Headerdateien</Filter>
    </ClInclude>
    <ClInclude Include="include\vectorization\selects\selects.h">
      <Filter>Headerdateien</Filter>
    </ClInclude>
    <ClInclude Include="include\vectorization\functions\min.h">
      <Filter>Headerdateien</Filter>
    </ClInclude>
    <ClInclude Include="include\vectorization\functions\max.h">
      <Filter>Headerdateien</Filter>
    </ClInclude>
    <ClInclude Include="include\vectorization\functions\clamp.h">
      <Filter>Headerdateien</Filter>
    </ClInclude>
    <ClInclude Include="include\vectorization\functions\sign.h">
      <Filter>Headerdateien</Filter>
    </ClInclude>
    <ClInclude Include="include\vectorization\functions\copysign.h">
      <Filter>Headerdateien</Filter>
    </ClInclude>
    <ClInclude Include="include\vectorization\functions\abs.h">
      <Filter>Headerdateien</Filter>
    </ClInclude>
    <ClInclude Include="include\vectorization\functions\isNaN.h">
      <Filter>Headerdateien</Filter>
    </ClInclude>
    <ClInclude Include="include\vectorization\functions\mix.h">
      <Filter>Headerdateien</Filter>
    </ClInclude>
    <ClInclude Include="include\vectorization\functions\sqr.h">
      <Filter>Headerdateien</Filter>
    </ClInclude>
    <ClInclude Include="include\vectorization\functions\reciprocal.h">
      <Filter>Headerdateien</Filter>
    </ClInclude>
    <ClInclude Include="include\vectorization\functions\sqrt.h">
      <Filter>Headerdateien</Filter>
    </ClInclude>
    <ClInclude Include="include\vectorization\functions\rsqrt.h">
      <Filter>Headerdateien</Filter>
    </ClInclude>
    <ClInclude Include="include\vectorization\functions\ceil.h">
      <Filter>Headerdateien</Filter>
    </ClInclude>
    <ClInclude Include="include\vectorization\functions\floor.h">
      <Filter>Headerdateien</Filter>
    </ClInclude>
    <ClInclude Include="include\vectorization\functions\round.h">
      <Filter>Headerdateien</Filter>
    </ClInclude>
    <ClInclude Include="include\vectorization\functions\fract.h">
      <Filter>Headerdateien</Filter>
    </ClInclude>
    <ClInclude Include="include\vectorization\functions\divide.h">
      <Filter>Headerdateien</Filter>
    </ClInclude>
    <ClInclude Include="include\vectorization\functions\modulo.h">
      <Filter>Headerdateien</Filter>
    </ClInclude>
    <ClInclude Include="include\vectorization\functions\roundDown.h">
      <Filter>Headerdateien</Filter>
    </ClInclude>
    <ClInclude Include="include\vectorization\functions\bitpad.h">
      <Filter>Headerdateien</Filter>
    </ClInclude>
    <ClInclude Include="include\vectorization\functions\modpad.h">
      <Filter>Headerdateien</Filter>
    </ClInclude>
    <ClInclude Include="include\vectorization\functions\log.h">
      <Filter>Headerdateien</Filter>
    </ClInclude>
    <ClInclude Include="include\vectorization\functions\logN.h">
      <Filter>Headerdateien</Filter>
    </ClInclude>
    <ClInclude Include="include\vectorization\functions\pow.h">
      <Filter>Headerdateien</Filter>
    </ClInclude>
    <ClInclude Include="include\vectorization\functions\exp.h">
      <Filter>Headerdateien</Filter>
    </ClInclude>
    <ClInclude Include="include\vectorization\functions\cos.h">
      <Filter>Headerdateien</Filter>
    </ClInclude>
    <ClInclude Include="include\vectorization\functions\sin.h">
      <Filter>Headerdateien</Filter>
    </ClInclude>
    <ClInclude Include="include\vectorization\functions\atan2.h">
      <Filter>Headerdateien</Filter>
    </ClInclude>
    <ClInclude Include="include\vectorization\functions\acos.h">
      <Filter>Headerdateien</Filter>
    </ClInclude>
    <ClInclude Include="include\vectorization\functions\tan.h">
      <Filter>Headerdateien</Filter>
    </ClInclude>
    <ClInclude Include="include\vectorization\functions\staticFor.h">
      <Filter>Headerdateien</Filter>
    </ClInclude>
    <ClInclude Include="include\vectorization\functions\average.h">
      <Filter>Headerdateien</Filter>
    </ClInclude>
    <ClInclude Include="include\vectorization\functions\normalize.h">
      <Filter>Headerdateien</Filter>
    </ClInclude>
    <ClInclude Include="include\vectorization\constants\values\NotANumber.h">
      <Filter>Headerdateien</Filter>
    </ClInclude>
    <ClInclude Include="include\vectorization\v_f32_4\functions_trigonometry.h">
      <Filter>Headerdateien</Filter>
    </ClInclude>
    <ClInclude Include="3rdparty\avx_mathfun.h">
      <Filter>Headerdateien</Filter>
    </ClInclude>
    <ClInclude Include="3rdparty\sse_mathfun.h">
      <Filter>Headerdateien</Filter>
    </ClInclude>
    <ClInclude Include="include\vectorization\constants\masks\MaskNone.h">
      <Filter>Headerdateien</Filter>
    </ClInclude>
    <ClInclude Include="include\vectorization\accessors.h">
      <Filter>Headerdateien</Filter>
    </ClInclude>
    <ClInclude Include="include\vectorization\swizzles.h">
      <Filter>Headerdateien</Filter>
    </ClInclude>
    <ClInclude Include="include\vectorization\swizzles\swizzle_128s.h">
      <Filter>Headerdateien</Filter>
    </ClInclude>
    <ClInclude Include="include\vectorization\swizzles\swizzle_128d.h">
      <Filter>Headerdateien</Filter>
    </ClInclude>
    <ClInclude Include="include\vectorization\swizzles\swizzle_256d.h">
      <Filter>Headerdateien</Filter>
    </ClInclude>
    <ClInclude Include="include\vectorization\swizzles\swizzle_256s.h">
      <Filter>Headerdateien</Filter>
    </ClInclude>
    <ClInclude Include="include\vectorization\accessors\component_128d.h">
      <Filter>Headerdateien</Filter>
    </ClInclude>
    <ClInclude Include="include\vectorization\accessors\component_128s.h">
      <Filter>Headerdateien</Filter>
    </ClInclude>
    <ClInclude Include="include\vectorization\accessors\component_256s.h">
      <Filter>Headerdateien</Filter>
    </ClInclude>
    <ClInclude Include="include\vectorization\accessors\component_256d.h">
      <Filter>Headerdateien</Filter>
    </ClInclude>
    <ClInclude Include="include\vectorization\accessors\replaceComponent_128s.h">
      <Filter>Headerdateien</Filter>
    </ClInclude>
    <ClInclude Include="include\vectorization\accessors\replaceComponent_256s.h">
      <Filter>Headerdateien</Filter>
    </ClInclude>
    <ClInclude Include="include\vectorization\accessors\replaceComponent_128d.h">
      <Filter>Headerdateien</Filter>
    </ClInclude>
    <ClInclude Include="include\vectorization\accessors\replaceComponent_256d.h">
      <Filter>Headerdateien</Filter>
    </ClInclude>
    <ClInclude Include="include\vectorization\blends\blend_128d.h">
      <Filter>Headerdateien</Filter>
    </ClInclude>
    <ClInclude Include="include\vectorization\blends\blend_128s.h">
      <Filter>Headerdateien</Filter>
    </ClInclude>
    <ClInclude Include="include\vectorization\blends\blend_256d.h">
      <Filter>Headerdateien</Filter>
    </ClInclude>
    <ClInclude Include="include\vectorization\blends\blend_256s.h">
      <Filter>Headerdateien</Filter>
    </ClInclude>
    <ClInclude Include="include\vectorization\blends.h">
      <Filter>Headerdateien</Filter>
    </ClInclude>
    <ClInclude Include="include\vectorization\blends\blendMasked_128i.h">
      <Filter>Headerdateien</Filter>
    </ClInclude>
    <ClInclude Include="include\vectorization\blends\blendMasked_256i.h">
      <Filter>Headerdateien</Filter>
    </ClInclude>
    <ClInclude Include="include\vectorization\blends\blendMasked_scalar.h">
      <Filter>Headerdateien</Filter>
    </ClInclude>
    <ClInclude Include="include\vectorization\blends\blendMasked_128d.h">
      <Filter>Headerdateien</Filter>
    </ClInclude>
    <ClInclude Include="include\vectorization\blends\blendMasked_128s.h">
      <Filter>Headerdateien</Filter>
    </ClInclude>
    <ClInclude Include="include\vectorization\blends\blendMasked_256d.h">
      <Filter>Headerdateien</Filter>
    </ClInclude>
    <ClInclude Include="include\vectorization\blends\blendMasked_256s.h">
      <Filter>Headerdateien</Filter>
    </ClInclude>
  </ItemGroup>
  <ItemGroup>
    <ClCompile Include="src\vectorization\m_f32_4x4.cpp">
      <Filter>Quelldateien</Filter>
    </ClCompile>
    <ClCompile Include="src\vectorization\v_f32_4x4.cpp">
      <Filter>Quelldateien</Filter>
    </ClCompile>
    <ClCompile Include="src\vectorization\v_i32_4.cpp">
      <Filter>Quelldateien</Filter>
    </ClCompile>
    <ClCompile Include="src\vectorization\v_ui64_2.cpp">
      <Filter>Quelldateien</Filter>
    </ClCompile>
    <ClCompile Include="src\vectorization\v_ui32_4.cpp">
      <Filter>Quelldateien</Filter>
    </ClCompile>
    <ClCompile Include="src\primitives\Ray.cpp">
      <Filter>Quelldateien</Filter>
    </ClCompile>
    <ClCompile Include="src\primitives\Raycast.cpp">
      <Filter>Quelldateien</Filter>
    </ClCompile>
    <ClCompile Include="src\primitives\FacetEdges.cpp">
      <Filter>Quelldateien</Filter>
    </ClCompile>
    <ClCompile Include="src\primitives\Facet.cpp">
      <Filter>Quelldateien</Filter>
    </ClCompile>
    <ClCompile Include="src\primitives\AxisAlignedBoundingBox.cpp">
      <Filter>Quelldateien</Filter>
    </ClCompile>
    <ClCompile Include="src\primitives\BoundingSphere.cpp">
      <Filter>Quelldateien</Filter>
    </ClCompile>
    <ClCompile Include="src\primitives\SplittingPlane.cpp">
      <Filter>Quelldateien</Filter>
    </ClCompile>
    <ClCompile Include="src\vectorization\architecture\memory.cpp">
      <Filter>Quelldateien</Filter>
    </ClCompile>
    <ClCompile Include="src\vectorization\architecture\meta_types.cpp">
      <Filter>Quelldateien</Filter>
    </ClCompile>
    <ClCompile Include="src\vectorization\constants\values\Zero.cpp">
      <Filter>Quelldateien</Filter>
    </ClCompile>
    <ClCompile Include="src\vectorization\constants\masks\MaskZW.cpp">
      <Filter>Quelldateien</Filter>
    </ClCompile>
    <ClCompile Include="src\vectorization\constants\masks\MaskAll.cpp">
      <Filter>Quelldateien</Filter>
    </ClCompile>
    <ClCompile Include="src\vectorization\constants\masks\MaskW.cpp">
      <Filter>Quelldateien</Filter>
    </ClCompile>
    <ClCompile Include="src\vectorization\constants\masks\MaskX.cpp">
      <Filter>Quelldateien</Filter>
    </ClCompile>
    <ClCompile Include="src\vectorization\constants\masks\MaskXY.cpp">
      <Filter>Quelldateien</Filter>
    </ClCompile>
    <ClCompile Include="src\vectorization\constants\masks\MaskXYZ.cpp">
      <Filter>Quelldateien</Filter>
    </ClCompile>
    <ClCompile Include="src\vectorization\constants\masks\MaskXYZW.cpp">
      <Filter>Quelldateien</Filter>
    </ClCompile>
    <ClCompile Include="src\vectorization\constants\masks\MaskY.cpp">
      <Filter>Quelldateien</Filter>
    </ClCompile>
    <ClCompile Include="src\vectorization\constants\masks\MaskYZ.cpp">
      <Filter>Quelldateien</Filter>
    </ClCompile>
    <ClCompile Include="src\vectorization\constants\masks\MaskYZW.cpp">
      <Filter>Quelldateien</Filter>
    </ClCompile>
    <ClCompile Include="src\vectorization\constants\masks\MaskZ.cpp">
      <Filter>Quelldateien</Filter>
    </ClCompile>
    <ClCompile Include="src\vectorization\constants\values\Half.cpp">
      <Filter>Quelldateien</Filter>
    </ClCompile>
    <ClCompile Include="src\vectorization\constants\values\One.cpp">
      <Filter>Quelldateien</Filter>
    </ClCompile>
    <ClCompile Include="src\vectorization\constants\values\OneHalf.cpp">
      <Filter>Quelldateien</Filter>
    </ClCompile>
    <ClCompile Include="src\vectorization\constants\values\OneX.cpp">
      <Filter>Quelldateien</Filter>
    </ClCompile>
    <ClCompile Include="src\vectorization\constants\values\OneY.cpp">
      <Filter>Quelldateien</Filter>
    </ClCompile>
    <ClCompile Include="src\vectorization\constants\values\OneZ.cpp">
      <Filter>Quelldateien</Filter>
    </ClCompile>
    <ClCompile Include="src\vectorization\constants\values\OneW.cpp">
      <Filter>Quelldateien</Filter>
    </ClCompile>
    <ClCompile Include="src\vectorization\constants\values\Two.cpp">
      <Filter>Quelldateien</Filter>
    </ClCompile>
    <ClCompile Include="src\vectorization\constants\values\NegativeTwo.cpp">
      <Filter>Quelldateien</Filter>
    </ClCompile>
    <ClCompile Include="src\vectorization\constants\values\NegativeOne.cpp">
      <Filter>Quelldateien</Filter>
    </ClCompile>
    <ClCompile Include="src\vectorization\constants\values\NegativeZero.cpp">
      <Filter>Quelldateien</Filter>
    </ClCompile>
    <ClCompile Include="src\vectorization\constants\values\Infinity.cpp">
      <Filter>Quelldateien</Filter>
    </ClCompile>
    <ClCompile Include="src\vectorization\constants\values\NegativeInfinity.cpp">
      <Filter>Quelldateien</Filter>
    </ClCompile>
    <ClCompile Include="src\vectorization\constants\values\Epsilon.cpp">
      <Filter>Quelldateien</Filter>
    </ClCompile>
    <ClCompile Include="src\vectorization\constants\values\SelfOcclusionEpsilon.cpp">
      <Filter>Quelldateien</Filter>
    </ClCompile>
    <ClCompile Include="src\vectorization\constants\values\Pi.cpp">
      <Filter>Quelldateien</Filter>
    </ClCompile>
    <ClCompile Include="src\vectorization\constants\values\ReciprocalPi.cpp">
      <Filter>Quelldateien</Filter>
    </ClCompile>
    <ClCompile Include="src\vectorization\constants\values\Sin45.cpp">
      <Filter>Quelldateien</Filter>
    </ClCompile>
    <ClCompile Include="src\vectorization\constants\values\RadianToUniform.cpp">
      <Filter>Quelldateien</Filter>
    </ClCompile>
    <ClCompile Include="src\vectorization\constants\values\RadianToDegree.cpp">
      <Filter>Quelldateien</Filter>
    </ClCompile>
    <ClCompile Include="src\vectorization\constants\values\DegreeToRadian.cpp">
      <Filter>Quelldateien</Filter>
    </ClCompile>
    <ClCompile Include="src\vectorization\constants\values\Identity.cpp">
      <Filter>Quelldateien</Filter>
    </ClCompile>
    <ClCompile Include="src\vectorization\conversions\native.cpp">
      <Filter>Quelldateien</Filter>
    </ClCompile>
    <ClCompile Include="src\vectorization\conversions\complex.cpp">
      <Filter>Quelldateien</Filter>
    </ClCompile>
    <ClCompile Include="src\vectorization\architecture\compiler_intrinsics.cpp">
      <Filter>Quelldateien</Filter>
    </ClCompile>
    <ClCompile Include="src\vectorization\v_f32_4\swizzles.cpp">
      <Filter>Quelldateien</Filter>
    </ClCompile>
    <ClCompile Include="src\vectorization\v_f32_4\type.cpp">
      <Filter>Quelldateien</Filter>
    </ClCompile>
    <ClCompile Include="src\vectorization\v_f32_4\swizzle_blends.cpp">
      <Filter>Quelldateien</Filter>
    </ClCompile>
    <ClCompile Include="src\vectorization\v_f32_4\operators.cpp">
      <Filter>Quelldateien</Filter>
    </ClCompile>
    <ClCompile Include="src\vectorization\v_f32_4\conversions.cpp">
      <Filter>Quelldateien</Filter>
    </ClCompile>
    <ClCompile Include="src\vectorization\v_f32_4\constants.cpp">
      <Filter>Quelldateien</Filter>
    </ClCompile>
    <ClCompile Include="src\vectorization\v_f32_4\blends.cpp">
      <Filter>Quelldateien</Filter>
    </ClCompile>
    <ClCompile Include="src\vectorization\v_f32_4\accessors.cpp">
      <Filter>Quelldateien</Filter>
    </ClCompile>
    <ClCompile Include="src\vectorization\v_f32_4\api.cpp">
      <Filter>Quelldateien</Filter>
    </ClCompile>
    <ClCompile Include="src\vectorization\v_f32_4\selects.cpp">
      <Filter>Quelldateien</Filter>
    </ClCompile>
    <ClCompile Include="src\vectorization\selects\selects.cpp">
      <Filter>Quelldateien</Filter>
    </ClCompile>
    <ClCompile Include="src\vectorization\constants\values\NotANumber.cpp">
      <Filter>Quelldateien</Filter>
    </ClCompile>
    <ClCompile Include="src\vectorization\v_f32_4\functions_trigonometry.cpp">
      <Filter>Quelldateien</Filter>
    </ClCompile>
    <ClCompile Include="src\vectorization\constants\masks\MaskNone.cpp">
      <Filter>Quelldateien</Filter>
    </ClCompile>
    <ClCompile Include="src\vectorization\functions\abs.cpp">
      <Filter>Quelldateien</Filter>
    </ClCompile>
    <ClCompile Include="src\vectorization\functions\acos.cpp">
      <Filter>Quelldateien</Filter>
    </ClCompile>
    <ClCompile Include="src\vectorization\functions\atan2.cpp">
      <Filter>Quelldateien</Filter>
    </ClCompile>
    <ClCompile Include="src\vectorization\functions\bitpad.cpp">
      <Filter>Quelldateien</Filter>
    </ClCompile>
    <ClCompile Include="src\vectorization\functions\ceil.cpp">
      <Filter>Quelldateien</Filter>
    </ClCompile>
    <ClCompile Include="src\vectorization\functions\clamp.cpp">
      <Filter>Quelldateien</Filter>
    </ClCompile>
    <ClCompile Include="src\vectorization\functions\copysign.cpp">
      <Filter>Quelldateien</Filter>
    </ClCompile>
    <ClCompile Include="src\vectorization\functions\cos.cpp">
      <Filter>Quelldateien</Filter>
    </ClCompile>
    <ClCompile Include="src\vectorization\functions\divide.cpp">
      <Filter>Quelldateien</Filter>
    </ClCompile>
    <ClCompile Include="src\vectorization\functions\exp.cpp">
      <Filter>Quelldateien</Filter>
    </ClCompile>
    <ClCompile Include="src\vectorization\functions\floor.cpp">
      <Filter>Quelldateien</Filter>
    </ClCompile>
    <ClCompile Include="src\vectorization\functions\fract.cpp">
      <Filter>Quelldateien</Filter>
    </ClCompile>
    <ClCompile Include="src\vectorization\functions\isNaN.cpp">
      <Filter>Quelldateien</Filter>
    </ClCompile>
    <ClCompile Include="src\vectorization\functions\log.cpp">
      <Filter>Quelldateien</Filter>
    </ClCompile>
    <ClCompile Include="src\vectorization\functions\logN.cpp">
      <Filter>Quelldateien</Filter>
    </ClCompile>
    <ClCompile Include="src\vectorization\functions\max.cpp">
      <Filter>Quelldateien</Filter>
    </ClCompile>
    <ClCompile Include="src\vectorization\functions\min.cpp">
      <Filter>Quelldateien</Filter>
    </ClCompile>
    <ClCompile Include="src\vectorization\functions\mix.cpp">
      <Filter>Quelldateien</Filter>
    </ClCompile>
    <ClCompile Include="src\vectorization\functions\modpad.cpp">
      <Filter>Quelldateien</Filter>
    </ClCompile>
    <ClCompile Include="src\vectorization\functions\modulo.cpp">
      <Filter>Quelldateien</Filter>
    </ClCompile>
    <ClCompile Include="src\vectorization\functions\pow.cpp">
      <Filter>Quelldateien</Filter>
    </ClCompile>
    <ClCompile Include="src\vectorization\functions\reciprocal.cpp">
      <Filter>Quelldateien</Filter>
    </ClCompile>
    <ClCompile Include="src\vectorization\functions\round.cpp">
      <Filter>Quelldateien</Filter>
    </ClCompile>
    <ClCompile Include="src\vectorization\functions\roundDown.cpp">
      <Filter>Quelldateien</Filter>
    </ClCompile>
    <ClCompile Include="src\vectorization\functions\rsqrt.cpp">
      <Filter>Quelldateien</Filter>
    </ClCompile>
    <ClCompile Include="src\vectorization\functions\sign.cpp">
      <Filter>Quelldateien</Filter>
    </ClCompile>
    <ClCompile Include="src\vectorization\functions\sin.cpp">
      <Filter>Quelldateien</Filter>
    </ClCompile>
    <ClCompile Include="src\vectorization\functions\sqr.cpp">
      <Filter>Quelldateien</Filter>
    </ClCompile>
    <ClCompile Include="src\vectorization\functions\tan.cpp">
      <Filter>Quelldateien</Filter>
    </ClCompile>
    <ClCompile Include="src\vectorization\functions\sqrt.cpp">
      <Filter>Quelldateien</Filter>
    </ClCompile>
    <ClCompile Include="src\vectorization\v_f32_4\functions.cpp">
      <Filter>Quelldateien</Filter>
    </ClCompile>
    <ClCompile Include="src\vectorization\swizzles\swizzle_128s.cpp">
      <Filter>Quelldateien</Filter>
    </ClCompile>
    <ClCompile Include="src\vectorization\swizzles\swizzle_128d.cpp">
      <Filter>Quelldateien</Filter>
    </ClCompile>
    <ClCompile Include="src\vectorization\accessors\component_128s.cpp">
      <Filter>Quelldateien</Filter>
    </ClCompile>
    <ClCompile Include="src\vectorization\accessors\component_128d.cpp">
      <Filter>Quelldateien</Filter>
    </ClCompile>
    <ClCompile Include="src\vectorization\accessors\component_256s.cpp">
      <Filter>Quelldateien</Filter>
    </ClCompile>
    <ClCompile Include="src\vectorization\accessors\component_256d.cpp">
      <Filter>Quelldateien</Filter>
    </ClCompile>
    <ClCompile Include="src\vectorization\accessors\replaceComponent_128s.cpp">
      <Filter>Quelldateien</Filter>
    </ClCompile>
    <ClCompile Include="src\vectorization\accessors\replaceComponent_256s.cpp">
      <Filter>Quelldateien</Filter>
    </ClCompile>
    <ClCompile Include="src\vectorization\accessors\replaceComponent_128d.cpp">
      <Filter>Quelldateien</Filter>
    </ClCompile>
    <ClCompile Include="src\vectorization\accessors\replaceComponent_256d.cpp">
      <Filter>Quelldateien</Filter>
    </ClCompile>
    <ClCompile Include="src\vectorization\swizzles\swizzle_256d.cpp">
      <Filter>Quelldateien</Filter>
    </ClCompile>
    <ClCompile Include="src\vectorization\swizzles\swizzle_256s.cpp">
      <Filter>Quelldateien</Filter>
    </ClCompile>
    <ClCompile Include="src\vectorization\blends\blend_128d.cpp">
      <Filter>Quelldateien</Filter>
    </ClCompile>
    <ClCompile Include="src\vectorization\blends\blend_128s.cpp">
      <Filter>Quelldateien</Filter>
    </ClCompile>
    <ClCompile Include="src\vectorization\blends\blend_256d.cpp">
      <Filter>Quelldateien</Filter>
    </ClCompile>
    <ClCompile Include="src\vectorization\blends\blend_256s.cpp">
      <Filter>Quelldateien</Filter>
    </ClCompile>
    <ClCompile Include="src\vectorization\blends\blendMasked_128i.cpp">
      <Filter>Quelldateien</Filter>
    </ClCompile>
    <ClCompile Include="src\vectorization\blends\blendMasked_scalar.cpp">
      <Filter>Quelldateien</Filter>
    </ClCompile>
    <ClCompile Include="src\vectorization\blends\blendMasked_256i.cpp">
      <Filter>Quelldateien</Filter>
    </ClCompile>
    <ClCompile Include="src\vectorization\blends\blendMasked_128d.cpp">
      <Filter>Quelldateien</Filter>
    </ClCompile>
    <ClCompile Include="src\vectorization\blends\blendMasked_128s.cpp">
      <Filter>Quelldateien</Filter>
    </ClCompile>
    <ClCompile Include="src\vectorization\blends\blendMasked_256d.cpp">
      <Filter>Quelldateien</Filter>
    </ClCompile>
    <ClCompile Include="src\vectorization\blends\blendMasked_256s.cpp">
      <Filter>Quelldateien</Filter>
    </ClCompile>
  </ItemGroup>
</Project>