<?xml version="1.0" encoding="utf-8"?>
<Project ToolsVersion="4.0" xmlns="http://schemas.microsoft.com/developer/msbuild/2003">
  <ItemGroup>
    <Filter Include="Quelldateien">
      <UniqueIdentifier>{4FC737F1-C7A5-4376-A066-2A32D752A2FF}</UniqueIdentifier>
      <Extensions>cpp;c;cc;cxx;def;odl;idl;hpj;bat;asm;asmx</Extensions>
    </Filter>
    <Filter Include="Headerdateien">
      <UniqueIdentifier>{93995380-89BD-4b04-88EB-625FBE52EBFB}</UniqueIdentifier>
      <Extensions>h;hpp;hxx;hm;inl;inc;xsd</Extensions>
    </Filter>
    <Filter Include="Ressourcendateien">
      <UniqueIdentifier>{67DA6AB6-F800-4c08-8B7A-83BB121AAD01}</UniqueIdentifier>
      <Extensions>rc;ico;cur;bmp;dlg;rc2;rct;bin;rgs;gif;jpg;jpeg;jpe;resx;tiff;tif;png;wav;mfcribbon-ms</Extensions>
    </Filter>
  </ItemGroup>
  <ItemGroup>
    <ClCompile Include="src\WindowsRaytracerUI.cpp">
      <Filter>Quelldateien</Filter>
    </ClCompile>
    <ClCompile Include="src\main.cpp">
      <Filter>Quelldateien</Filter>
    </ClCompile>
    <ClCompile Include="src\MessageLoopBasedUI.cpp">
      <Filter>Quelldateien</Filter>
    </ClCompile>
    <ClCompile Include="src\OpenGLWindowsRaytracerUI.cpp">
      <Filter>Quelldateien</Filter>
    </ClCompile>
    <ClCompile Include="src\RaytracerUI.cpp">
      <Filter>Quelldateien</Filter>
    </ClCompile>
    <ClCompile Include="src\tests\DragonScene.cpp">
      <Filter>Quelldateien</Filter>
    </ClCompile>
    <ClCompile Include="src\tests\TestLightScene.cpp">
      <Filter>Quelldateien</Filter>
    </ClCompile>
    <ClCompile Include="src\tests\TestResources.cpp">
      <Filter>Quelldateien</Filter>
    </ClCompile>
    <ClCompile Include="src\tests\TestScene1.cpp">
      <Filter>Quelldateien</Filter>
    </ClCompile>
    <ClCompile Include="src\tests\TestScene2.cpp">
      <Filter>Quelldateien</Filter>
    </ClCompile>
    <ClCompile Include="src\tests\CornellBoxScene.cpp">
      <Filter>Quelldateien</Filter>
    </ClCompile>
  </ItemGroup>
  <ItemGroup>
    <ClInclude Include="src\stdafx.h">
      <Filter>Headerdateien</Filter>
    </ClInclude>
    <ClInclude Include="include\MessageLoopBasedUI.h">
      <Filter>Headerdateien</Filter>
    </ClInclude>
    <ClInclude Include="include\OpenGLWindowsRaytracerUI.h">
      <Filter>Headerdateien</Filter>
    </ClInclude>
    <ClInclude Include="include\RaytracerUI.h">
      <Filter>Headerdateien</Filter>
    </ClInclude>
    <ClInclude Include="include\WindowsRaytracerUI.h">
      <Filter>Headerdateien</Filter>
    </ClInclude>
    <ClInclude Include="include\tests\TestScene2.h">
      <Filter>Headerdateien</Filter>
    </ClInclude>
    <ClInclude Include="include\tests\TestScene1.h">
      <Filter>Headerdateien</Filter>
    </ClInclude>
    <ClInclude Include="include\tests\TestResources.h">
      <Filter>Headerdateien</Filter>
    </ClInclude>
    <ClInclude Include="include\tests\TestLightScene.h">
      <Filter>Headerdateien</Filter>
    </ClInclude>
    <ClInclude Include="include\tests\ProceduralScene.h">
      <Filter>Headerdateien</Filter>
    </ClInclude>
    <ClInclude Include="include\tests\DragonScene.h">
      <Filter>Headerdateien</Filter>
    </ClInclude>
    <ClInclude Include="include\tests\CornellBoxScene.h">
      <Filter>Headerdateien</Filter>
    </ClInclude>
    <ClInclude Include="include\benchmarks.h">
      <Filter>Headerdateien</Filter>
    </ClInclude>
    <ClInclude Include="include\tests.h">
      <Filter>Headerdateien</Filter>
    </ClInclude>
  </ItemGroup>
</Project>