<?xml version="1.0" encoding="utf-8"?>
<Project ToolsVersion="4.0" xmlns="http://schemas.microsoft.com/developer/msbuild/2003">
  <ItemGroup>
    <Filter Include="Quelldateien">
      <UniqueIdentifier>{4FC737F1-C7A5-4376-A066-2A32D752A2FF}</UniqueIdentifier>
      <Extensions>cpp;c;cc;cxx;def;odl;idl;hpj;bat;asm;asmx</Extensions>
    </Filter>
    <Filter Include="Headerdateien">
      <UniqueIdentifier>{93995380-89BD-4b04-88EB-625FBE52EBFB}</UniqueIdentifier>
      <Extensions>h;hh;hpp;hxx;hm;inl;inc;xsd</Extensions>
    </Filter>
    <Filter Include="Ressourcendateien">
      <UniqueIdentifier>{67DA6AB6-F800-4c08-8B7A-83BB121AAD01}</UniqueIdentifier>
      <Extensions>rc;ico;cur;bmp;dlg;rc2;rct;bin;rgs;gif;jpg;jpeg;jpe;resx;tiff;tif;png;wav;mfcribbon-ms</Extensions>
    </Filter>
  </ItemGroup>
  <ItemGroup>
    <ClCompile Include="src\raytracing\scene\Camera.cpp">
      <Filter>Quelldateien</Filter>
    </ClCompile>
    <ClCompile Include="src\raytracing\scene\Resources.cpp">
      <Filter>Quelldateien</Filter>
    </ClCompile>
    <ClCompile Include="src\raytracing\scene\Scene.cpp">
      <Filter>Quelldateien</Filter>
    </ClCompile>
    <ClCompile Include="src\raytracing\scene\SceneObject.cpp">
      <Filter>Quelldateien</Filter>
    </ClCompile>
    <ClCompile Include="src\raytracing\shading\shaders\EnvironmentShader.cpp">
      <Filter>Quelldateien</Filter>
    </ClCompile>
    <ClCompile Include="src\raytracing\shading\shaders\HDRImageShader.cpp">
      <Filter>Quelldateien</Filter>
    </ClCompile>
    <ClCompile Include="src\raytracing\shading\shaders\IntersectionNormalShader.cpp">
      <Filter>Quelldateien</Filter>
    </ClCompile>
    <ClCompile Include="src\raytracing\shading\LightInfo.cpp">
      <Filter>Quelldateien</Filter>
    </ClCompile>
    <ClCompile Include="src\raytracing\shading\LightShading.cpp">
      <Filter>Quelldateien</Filter>
    </ClCompile>
    <ClCompile Include="src\raytracing\shading\ObjectShader.cpp">
      <Filter>Quelldateien</Filter>
    </ClCompile>
    <ClCompile Include="src\raytracing\shading\PerLightShadowCache.cpp">
      <Filter>Quelldateien</Filter>
    </ClCompile>
    <ClCompile Include="src\raytracing\shading\Raytrace.cpp">
      <Filter>Quelldateien</Filter>
    </ClCompile>
    <ClCompile Include="src\raytracing\shading\RaytraceBaseParameters.cpp">
      <Filter>Quelldateien</Filter>
    </ClCompile>
    <ClCompile Include="src\raytracing\shading\SceneShader.cpp">
      <Filter>Quelldateien</Filter>
    </ClCompile>
    <ClCompile Include="src\raytracing\shading\SceneShaderContainment.cpp">
      <Filter>Quelldateien</Filter>
    </ClCompile>
    <ClCompile Include="src\raytracing\shading\SurfaceShading.cpp">
      <Filter>Quelldateien</Filter>
    </ClCompile>
    <ClCompile Include="src\raytracing\shading\TextureTransformInfo.cpp">
      <Filter>Quelldateien</Filter>
    </ClCompile>
    <ClCompile Include="src\raytracing\BRDFParameters.cpp">
      <Filter>Quelldateien</Filter>
    </ClCompile>
    <ClCompile Include="src\raytracing\IlluminatedIntersection.cpp">
      <Filter>Quelldateien</Filter>
    </ClCompile>
    <ClCompile Include="src\raytracing\RaytraceConfiguration.cpp">
      <Filter>Quelldateien</Filter>
    </ClCompile>
    <ClCompile Include="src\raytracing\RaytraceObserver.cpp">
      <Filter>Quelldateien</Filter>
    </ClCompile>
    <ClCompile Include="src\raytracing\RaytraceOutput.cpp">
      <Filter>Quelldateien</Filter>
    </ClCompile>
    <ClCompile Include="src\raytracing\RaytraceParameters.cpp">
      <Filter>Quelldateien</Filter>
    </ClCompile>
    <ClCompile Include="src\raytracing\Raytracer.cpp">
      <Filter>Quelldateien</Filter>
    </ClCompile>
    <ClCompile Include="src\raytracing\RaytracerCache.cpp">
      <Filter>Quelldateien</Filter>
    </ClCompile>
    <ClCompile Include="src\raytracing\RaytracerPackets.cpp">
      <Filter>Quelldateien</Filter>
    </ClCompile>
    <ClCompile Include="src\raytracing\geometry\forms\meshes\Mesh.cpp">
      <Filter>Quelldateien</Filter>
    </ClCompile>
    <ClCompile Include="src\raytracing\geometry\forms\meshes\MeshGeometryNode.cpp">
      <Filter>Quelldateien</Filter>
    </ClCompile>
    <ClCompile Include="src\raytracing\geometry\forms\Box.cpp">
      <Filter>Quelldateien</Filter>
    </ClCompile>
    <ClCompile Include="src\raytracing\geometry\forms\Form.cpp">
      <Filter>Quelldateien</Filter>
    </ClCompile>
    <ClCompile Include="src\raytracing\geometry\forms\Plane.cpp">
      <Filter>Quelldateien</Filter>
    </ClCompile>
    <ClCompile Include="src\raytracing\geometry\forms\Sphere.cpp">
      <Filter>Quelldateien</Filter>
    </ClCompile>
    <ClCompile Include="src\raytracing\geometry\partitioning\treebalancer\ArithmeticMeanKDTreeBalancer.cpp">
      <Filter>Quelldateien</Filter>
    </ClCompile>
    <ClCompile Include="src\raytracing\geometry\partitioning\treebalancer\BruteForceSAHKDTreeBalancer.cpp">
      <Filter>Quelldateien</Filter>
    </ClCompile>
    <ClCompile Include="src\raytracing\geometry\partitioning\treebalancer\FixedIterationsSAHKDTreeBalancer.cpp">
      <Filter>Quelldateien</Filter>
    </ClCompile>
    <ClCompile Include="src\raytracing\geometry\partitioning\treebalancer\MaxAxisKDTreeBalancer.cpp">
      <Filter>Quelldateien</Filter>
    </ClCompile>
    <ClCompile Include="src\raytracing\geometry\partitioning\treebalancer\MedianKDTreeBalancer.cpp">
      <Filter>Quelldateien</Filter>
    </ClCompile>
    <ClCompile Include="src\raytracing\geometry\partitioning\treebalancer\RotatingAxisKDTreeBalancer.cpp">
      <Filter>Quelldateien</Filter>
    </ClCompile>
    <ClCompile Include="src\raytracing\geometry\partitioning\treebalancer\SAHKDTreeBalancer.cpp">
      <Filter>Quelldateien</Filter>
    </ClCompile>
    <ClCompile Include="src\raytracing\geometry\partitioning\treebalancer\SamplingKDTreeBalancer.cpp">
      <Filter>Quelldateien</Filter>
    </ClCompile>
    <ClCompile Include="src\raytracing\geometry\partitioning\GeometryNode.cpp">
      <Filter>Quelldateien</Filter>
    </ClCompile>
    <ClCompile Include="src\raytracing\geometry\partitioning\KDTreeBalancer.cpp">
      <Filter>Quelldateien</Filter>
    </ClCompile>
    <ClCompile Include="src\raytracing\geometry\partitioning\KDTreeBounding.cpp">
      <Filter>Quelldateien</Filter>
    </ClCompile>
    <ClCompile Include="src\raytracing\geometry\partitioning\KDTreeBuildParameters.cpp">
      <Filter>Quelldateien</Filter>
    </ClCompile>
    <ClCompile Include="src\raytracing\geometry\partitioning\KDTreeNode.cpp">
      <Filter>Quelldateien</Filter>
    </ClCompile>
    <ClCompile Include="src\raytracing\geometry\partitioning\KDTreeNodeChilds.cpp">
      <Filter>Quelldateien</Filter>
    </ClCompile>
    <ClCompile Include="src\raytracing\geometry\partitioning\KDTreePlane.cpp">
      <Filter>Quelldateien</Filter>
    </ClCompile>
    <ClCompile Include="src\raytracing\geometry\partitioning\KDTreeRoot.cpp">
      <Filter>Quelldateien</Filter>
    </ClCompile>
    <ClCompile Include="src\raytracing\geometry\FacetIntersection.cpp">
      <Filter>Quelldateien</Filter>
    </ClCompile>
    <ClCompile Include="src\raytracing\geometry\ObjectGeometry.cpp">
      <Filter>Quelldateien</Filter>
    </ClCompile>
    <ClCompile Include="src\raytracing\geometry\SceneGeometry.cpp">
      <Filter>Quelldateien</Filter>
    </ClCompile>
    <ClCompile Include="src\raytracing\geometry\SceneIntersection.cpp">
      <Filter>Quelldateien</Filter>
    </ClCompile>
    <ClCompile Include="src\raytracing\geometry\TransformInfo.cpp">
      <Filter>Quelldateien</Filter>
    </ClCompile>
    <ClCompile Include="src\raytracing\common\noise\PerlinNoiseGenerator.cpp">
      <Filter>Quelldateien</Filter>
    </ClCompile>
    <ClCompile Include="src\raytracing\common\noise\SimplexNoiseGenerator.cpp">
      <Filter>Quelldateien</Filter>
    </ClCompile>
    <ClCompile Include="src\raytracing\common\Bitmap.cpp">
      <Filter>Quelldateien</Filter>
    </ClCompile>
    <ClCompile Include="src\raytracing\common\HDRImage.cpp">
      <Filter>Quelldateien</Filter>
    </ClCompile>
    <ClCompile Include="src\raytracing\common\RefractionIndices.cpp">
      <Filter>Quelldateien</Filter>
    </ClCompile>
    <ClCompile Include="src\raytracing\common\StatisticsCookie.cpp">
      <Filter>Quelldateien</Filter>
    </ClCompile>
    <ClCompile Include="src\raytracing\common\Tools.cpp">
      <Filter>Quelldateien</Filter>
    </ClCompile>
  </ItemGroup>
  <ItemGroup>
    <ClInclude Include="include\raytracing.h">
      <Filter>Headerdateien</Filter>
    </ClInclude>
    <ClInclude Include="src\stdafx.h">
      <Filter>Headerdateien</Filter>
    </ClInclude>
    <ClInclude Include="include\raytracing\scene\Camera.h">
      <Filter>Headerdateien</Filter>
    </ClInclude>
    <ClInclude Include="include\raytracing\scene\Resources.h">
      <Filter>Headerdateien</Filter>
    </ClInclude>
    <ClInclude Include="include\raytracing\scene\Scene.h">
      <Filter>Headerdateien</Filter>
    </ClInclude>
    <ClInclude Include="include\raytracing\scene\SceneObject.h">
      <Filter>Headerdateien</Filter>
    </ClInclude>
    <ClInclude Include="include\raytracing\shading\shaders\ConcatenatingShader.h">
      <Filter>Headerdateien</Filter>
    </ClInclude>
    <ClInclude Include="include\raytracing\shading\shaders\ConstShader.h">
      <Filter>Headerdateien</Filter>
    </ClInclude>
    <ClInclude Include="include\raytracing\shading\shaders\EnvironmentShader.h">
      <Filter>Headerdateien</Filter>
    </ClInclude>
    <ClInclude Include="include\raytracing\shading\shaders\HDRImageShader.h">
      <Filter>Headerdateien</Filter>
    </ClInclude>
    <ClInclude Include="include\raytracing\shading\shaders\IntersectionNormalShader.h">
      <Filter>Headerdateien</Filter>
    </ClInclude>
    <ClInclude Include="include\raytracing\shading\shaders\MultiplyByConstShader.h">
      <Filter>Headerdateien</Filter>
    </ClInclude>
    <ClInclude Include="include\raytracing\shading\shaders\NoiseGeneratorMap.h">
      <Filter>Headerdateien</Filter>
    </ClInclude>
    <ClInclude Include="include\raytracing\shading\LightInfo.h">
      <Filter>Headerdateien</Filter>
    </ClInclude>
    <ClInclude Include="include\raytracing\shading\LightShading.h">
      <Filter>Headerdateien</Filter>
    </ClInclude>
    <ClInclude Include="include\raytracing\shading\ObjectShader.h">
      <Filter>Headerdateien</Filter>
    </ClInclude>
    <ClInclude Include="include\raytracing\shading\PerLightShadowCache.h">
      <Filter>Headerdateien</Filter>
    </ClInclude>
    <ClInclude Include="include\raytracing\shading\Raytrace.h">
      <Filter>Headerdateien</Filter>
    </ClInclude>
    <ClInclude Include="include\raytracing\shading\RaytraceBaseParameters.h">
      <Filter>Headerdateien</Filter>
    </ClInclude>
    <ClInclude Include="include\raytracing\shading\SceneShader.h">
      <Filter>Headerdateien</Filter>
    </ClInclude>
    <ClInclude Include="include\raytracing\shading\SceneShaderContainment.h">
      <Filter>Headerdateien</Filter>
    </ClInclude>
    <ClInclude Include="include\raytracing\shading\Shader.h">
      <Filter>Headerdateien</Filter>
    </ClInclude>
    <ClInclude Include="include\raytracing\shading\SurfaceShading.h">
      <Filter>Headerdateien</Filter>
    </ClInclude>
    <ClInclude Include="include\raytracing\shading\TextureTransformInfo.h">
      <Filter>Headerdateien</Filter>
    </ClInclude>
    <ClInclude Include="include\raytracing\BRDFParameters.h">
      <Filter>Headerdateien</Filter>
    </ClInclude>
    <ClInclude Include="include\raytracing\IlluminatedIntersection.h">
      <Filter>Headerdateien</Filter>
    </ClInclude>
    <ClInclude Include="include\raytracing\RaytraceConfiguration.h">
      <Filter>Headerdateien</Filter>
    </ClInclude>
    <ClInclude Include="include\raytracing\RaytraceObserver.h">
      <Filter>Headerdateien</Filter>
    </ClInclude>
    <ClInclude Include="include\raytracing\RaytraceOutput.h">
      <Filter>Headerdateien</Filter>
    </ClInclude>
    <ClInclude Include="include\raytracing\RaytraceParameters.h">
      <Filter>Headerdateien</Filter>
    </ClInclude>
    <ClInclude Include="include\raytracing\Raytracer.h">
      <Filter>Headerdateien</Filter>
    </ClInclude>
    <ClInclude Include="include\raytracing\RaytracerCache.h">
      <Filter>Headerdateien</Filter>
    </ClInclude>
    <ClInclude Include="include\raytracing\RaytracerPackets.h">
      <Filter>Headerdateien</Filter>
    </ClInclude>
    <ClInclude Include="include\raytracing\geometry\forms\meshes\Mesh.h">
      <Filter>Headerdateien</Filter>
    </ClInclude>
    <ClInclude Include="include\raytracing\geometry\forms\meshes\MeshGeometryNode.h">
      <Filter>Headerdateien</Filter>
    </ClInclude>
    <ClInclude Include="include\raytracing\geometry\forms\Box.h">
      <Filter>Headerdateien</Filter>
    </ClInclude>
    <ClInclude Include="include\raytracing\geometry\forms\Form.h">
      <Filter>Headerdateien</Filter>
    </ClInclude>
    <ClInclude Include="include\raytracing\geometry\forms\Plane.h">
      <Filter>Headerdateien</Filter>
    </ClInclude>
    <ClInclude Include="include\raytracing\geometry\forms\Sphere.h">
      <Filter>Headerdateien</Filter>
    </ClInclude>
    <ClInclude Include="include\raytracing\geometry\partitioning\treebalancer\ArithmeticMeanKDTreeBalancer.h">
      <Filter>Headerdateien</Filter>
    </ClInclude>
    <ClInclude Include="include\raytracing\geometry\partitioning\treebalancer\BruteForceSAHKDTreeBalancer.h">
      <Filter>Headerdateien</Filter>
    </ClInclude>
    <ClInclude Include="include\raytracing\geometry\partitioning\treebalancer\FixedIterationsSAHKDTreeBalancer.h">
      <Filter>Headerdateien</Filter>
    </ClInclude>
    <ClInclude Include="include\raytracing\geometry\partitioning\treebalancer\MaxAxisKDTreeBalancer.h">
      <Filter>Headerdateien</Filter>
    </ClInclude>
    <ClInclude Include="include\raytracing\geometry\partitioning\treebalancer\MedianKDTreeBalancer.h">
      <Filter>Headerdateien</Filter>
    </ClInclude>
    <ClInclude Include="include\raytracing\geometry\partitioning\treebalancer\RotatingAxisKDTreeBalancer.h">
      <Filter>Headerdateien</Filter>
    </ClInclude>
    <ClInclude Include="include\raytracing\geometry\partitioning\treebalancer\SAHKDTreeBalancer.h">
      <Filter>Headerdateien</Filter>
    </ClInclude>
    <ClInclude Include="include\raytracing\geometry\partitioning\treebalancer\SamplingKDTreeBalancer.h">
      <Filter>Headerdateien</Filter>
    </ClInclude>
    <ClInclude Include="include\raytracing\geometry\partitioning\treetraverser\NaiveKDTreeTraverser.h">
      <Filter>Headerdateien</Filter>
    </ClInclude>
    <ClInclude Include="include\raytracing\geometry\partitioning\treetraverser\VoxelizationKDTreeTraverser.h">
      <Filter>Headerdateien</Filter>
    </ClInclude>
    <ClInclude Include="include\raytracing\geometry\partitioning\GeometryNode.h">
      <Filter>Headerdateien</Filter>
    </ClInclude>
    <ClInclude Include="include\raytracing\geometry\partitioning\GeometryNodesTraverser.h">
      <Filter>Headerdateien</Filter>
    </ClInclude>
    <ClInclude Include="include\raytracing\geometry\partitioning\KDTreeBalancer.h">
      <Filter>Headerdateien</Filter>
    </ClInclude>
    <ClInclude Include="include\raytracing\geometry\partitioning\KDTreeBounding.h">
      <Filter>Headerdateien</Filter>
    </ClInclude>
    <ClInclude Include="include\raytracing\geometry\partitioning\KDTreeBuildParameters.h">
      <Filter>Headerdateien</Filter>
    </ClInclude>
    <ClInclude Include="include\raytracing\geometry\partitioning\KDTreeNode.h">
      <Filter>Headerdateien</Filter>
    </ClInclude>
    <ClInclude Include="include\raytracing\geometry\partitioning\KDTreeNodeChilds.h">
      <Filter>Headerdateien</Filter>
    </ClInclude>
    <ClInclude Include="include\raytracing\geometry\partitioning\KDTreePlane.h">
      <Filter>Headerdateien</Filter>
    </ClInclude>
    <ClInclude Include="include\raytracing\geometry\partitioning\KDTreeRoot.h">
      <Filter>Headerdateien</Filter>
    </ClInclude>
    <ClInclude Include="include\raytracing\geometry\partitioning\KDTreeTraverser.h">
      <Filter>Headerdateien</Filter>
    </ClInclude>
    <ClInclude Include="include\raytracing\geometry\FacetIntersection.h">
      <Filter>Headerdateien</Filter>
    </ClInclude>
    <ClInclude Include="include\raytracing\geometry\Intersectable.h">
      <Filter>Headerdateien</Filter>
    </ClInclude>
    <ClInclude Include="include\raytracing\geometry\ObjectGeometry.h">
      <Filter>Headerdateien</Filter>
    </ClInclude>
    <ClInclude Include="include\raytracing\geometry\SceneGeometry.h">
      <Filter>Headerdateien</Filter>
    </ClInclude>
    <ClInclude Include="include\raytracing\geometry\SceneIntersection.h">
      <Filter>Headerdateien</Filter>
    </ClInclude>
    <ClInclude Include="include\raytracing\geometry\TransformInfo.h">
      <Filter>Headerdateien</Filter>
    </ClInclude>
    <ClInclude Include="include\raytracing\common\noise\NoiseGenerator.h">
      <Filter>Headerdateien</Filter>
    </ClInclude>
    <ClInclude Include="include\raytracing\common\noise\PerlinNoiseGenerator.h">
      <Filter>Headerdateien</Filter>
    </ClInclude>
    <ClInclude Include="include\raytracing\common\noise\SimplexNoiseGenerator.h">
      <Filter>Headerdateien</Filter>
    </ClInclude>
    <ClInclude Include="include\raytracing\common\Bitmap.h">
      <Filter>Headerdateien</Filter>
    </ClInclude>
    <ClInclude Include="include\raytracing\common\HDRImage.h">
      <Filter>Headerdateien</Filter>
    </ClInclude>
    <ClInclude Include="include\raytracing\common\Image.h">
      <Filter>Headerdateien</Filter>
    </ClInclude>
    <ClInclude Include="include\raytracing\common\RefractionIndices.h">
      <Filter>Headerdateien</Filter>
    </ClInclude>
    <ClInclude Include="include\raytracing\common\StatisticsCookie.h">
      <Filter>Headerdateien</Filter>
    </ClInclude>
    <ClInclude Include="include\raytracing\common\Tools.h">
      <Filter>Headerdateien</Filter>
    </ClInclude>
  </ItemGroup>
  <ItemGroup>
    <None Include="packages.config" />
  </ItemGroup>
</Project>